
Microsoft Visual Studio Solution File, Format Version 12.00
# Visual Studio Version 17
VisualStudioVersion = 17.8.34330.188
MinimumVisualStudioVersion = 10.0.40219.1
Project("{2150E333-8FDC-42A3-9474-1A3956D46DE8}") = "src", "src", "{6CEA9F05-9C9F-481C-8F97-752BC85FCB7A}"
EndProject
Project("{2150E333-8FDC-42A3-9474-1A3956D46DE8}") = "Server", "Server", "{E05A492B-D0F1-4FD9-826A-6D57D4530DAE}"
EndProject
Project("{2150E333-8FDC-42A3-9474-1A3956D46DE8}") = "Client", "Client", "{FAF1C845-FDC7-4D80-8FE4-D366E099F1A6}"
EndProject
Project("{2150E333-8FDC-42A3-9474-1A3956D46DE8}") = "Framework", "Framework", "{1095140D-03AD-4CC7-8FD5-172BD6E248D3}"
EndProject
Project("{9A19103F-16F7-4668-BE54-9A1E7A4F7556}") = "ChatRoom.Api", "src\Server\ChatRoom.Api\ChatRoom.Api.csproj", "{5A6558AA-490B-4693-8D5C-78B58822D9C7}"
EndProject
Project("{9A19103F-16F7-4668-BE54-9A1E7A4F7556}") = "ChatRoom.Framework", "src\Framework\ChatRoom.Framework\ChatRoom.Framework.csproj", "{F4A1451D-99A7-427F-8547-323770712E63}"
EndProject
Project("{9A19103F-16F7-4668-BE54-9A1E7A4F7556}") = "ChatRoom.Application", "src\Server\ChatRoom.Application\ChatRoom.Application\ChatRoom.Application.csproj", "{B0366936-20EC-4D4C-8DD3-3B5E90452982}"
EndProject
Project("{FAE04EC0-301F-11D3-BF4B-00C04F79EFBC}") = "ChatRoom.Core", "src\Server\ChatRoom.Core\ChatRoom.Core.csproj", "{3F12DD77-6D07-4034-B0F3-0A9FFEA1E42E}"
EndProject
Project("{FAE04EC0-301F-11D3-BF4B-00C04F79EFBC}") = "ChatRoom.Infrastracture", "src\Server\ChatRoom.Infrastracture\ChatRoom.Infrastracture.csproj", "{E6EBF54C-3B6E-4809-9ACB-7E751B88757A}"
EndProject
Global
	GlobalSection(SolutionConfigurationPlatforms) = preSolution
		Debug|Any CPU = Debug|Any CPU
		Release|Any CPU = Release|Any CPU
	EndGlobalSection
	GlobalSection(ProjectConfigurationPlatforms) = postSolution
		{5A6558AA-490B-4693-8D5C-78B58822D9C7}.Debug|Any CPU.ActiveCfg = Debug|Any CPU
		{5A6558AA-490B-4693-8D5C-78B58822D9C7}.Debug|Any CPU.Build.0 = Debug|Any CPU
		{5A6558AA-490B-4693-8D5C-78B58822D9C7}.Release|Any CPU.ActiveCfg = Release|Any CPU
		{5A6558AA-490B-4693-8D5C-78B58822D9C7}.Release|Any CPU.Build.0 = Release|Any CPU
		{F4A1451D-99A7-427F-8547-323770712E63}.Debug|Any CPU.ActiveCfg = Debug|Any CPU
		{F4A1451D-99A7-427F-8547-323770712E63}.Debug|Any CPU.Build.0 = Debug|Any CPU
		{F4A1451D-99A7-427F-8547-323770712E63}.Release|Any CPU.ActiveCfg = Release|Any CPU
		{F4A1451D-99A7-427F-8547-323770712E63}.Release|Any CPU.Build.0 = Release|Any CPU
		{B0366936-20EC-4D4C-8DD3-3B5E90452982}.Debug|Any CPU.ActiveCfg = Debug|Any CPU
		{B0366936-20EC-4D4C-8DD3-3B5E90452982}.Debug|Any CPU.Build.0 = Debug|Any CPU
		{B0366936-20EC-4D4C-8DD3-3B5E90452982}.Release|Any CPU.ActiveCfg = Release|Any CPU
		{B0366936-20EC-4D4C-8DD3-3B5E90452982}.Release|Any CPU.Build.0 = Release|Any CPU
		{3F12DD77-6D07-4034-B0F3-0A9FFEA1E42E}.Debug|Any CPU.ActiveCfg = Debug|Any CPU
		{3F12DD77-6D07-4034-B0F3-0A9FFEA1E42E}.Debug|Any CPU.Build.0 = Debug|Any CPU
		{3F12DD77-6D07-4034-B0F3-0A9FFEA1E42E}.Release|Any CPU.ActiveCfg = Release|Any CPU
		{3F12DD77-6D07-4034-B0F3-0A9FFEA1E42E}.Release|Any CPU.Build.0 = Release|Any CPU
		{E6EBF54C-3B6E-4809-9ACB-7E751B88757A}.Debug|Any CPU.ActiveCfg = Debug|Any CPU
		{E6EBF54C-3B6E-4809-9ACB-7E751B88757A}.Debug|Any CPU.Build.0 = Debug|Any CPU
		{E6EBF54C-3B6E-4809-9ACB-7E751B88757A}.Release|Any CPU.ActiveCfg = Release|Any CPU
		{E6EBF54C-3B6E-4809-9ACB-7E751B88757A}.Release|Any CPU.Build.0 = Release|Any CPU
	EndGlobalSection
	GlobalSection(SolutionProperties) = preSolution
		HideSolutionNode = FALSE
	EndGlobalSection
	GlobalSection(NestedProjects) = preSolution
		{E05A492B-D0F1-4FD9-826A-6D57D4530DAE} = {6CEA9F05-9C9F-481C-8F97-752BC85FCB7A}
		{FAF1C845-FDC7-4D80-8FE4-D366E099F1A6} = {6CEA9F05-9C9F-481C-8F97-752BC85FCB7A}
		{1095140D-03AD-4CC7-8FD5-172BD6E248D3} = {6CEA9F05-9C9F-481C-8F97-752BC85FCB7A}
		{5A6558AA-490B-4693-8D5C-78B58822D9C7} = {E05A492B-D0F1-4FD9-826A-6D57D4530DAE}
		{F4A1451D-99A7-427F-8547-323770712E63} = {1095140D-03AD-4CC7-8FD5-172BD6E248D3}
		{B0366936-20EC-4D4C-8DD3-3B5E90452982} = {E05A492B-D0F1-4FD9-826A-6D57D4530DAE}
		{3F12DD77-6D07-4034-B0F3-0A9FFEA1E42E} = {E05A492B-D0F1-4FD9-826A-6D57D4530DAE}
		{E6EBF54C-3B6E-4809-9ACB-7E751B88757A} = {E05A492B-D0F1-4FD9-826A-6D57D4530DAE}
	EndGlobalSection
	GlobalSection(ExtensibilityGlobals) = postSolution
		SolutionGuid = {39A42CD7-0BC7-4DE2-97B0-DEF12AB08282}
	EndGlobalSection
EndGlobal
